dependencies:
- name: kubevirt-operator
  repository: file://dependency_charts/kubevirt-operator
  version: 0.2.0
- name: kubevirt
  repository: file://dependency_charts/kubevirt
  version: 0.1.0
- name: harvester-network-controller
  repository: https://charts.harvesterhci.io
  version: 0.4.0
- name: harvester-node-disk-manager
  repository: https://charts.harvesterhci.io
  version: 0.6.0
- name: csi-snapshotter
  repository: file://dependency_charts/csi-snapshotter
  version: 0.2.0
- name: longhorn
  repository: https://charts.longhorn.io
  version: 1.6.4
- name: kube-vip
  repository: https://kube-vip.github.io/helm-charts
  version: 0.4.2
- name: harvester-load-balancer
  repository: https://charts.harvesterhci.io
  version: 0.4.0
- name: whereabouts
  repository: file://dependency_charts/whereabouts
  version: 0.1.1
- name: harvester-node-manager
  repository: https://charts.harvesterhci.io
  version: 0.2.3
- name: snapshot-validation-webhook
  repository: file://dependency_charts/snapshot-validation-webhook
  version: 0.2.0
digest: sha256:a8a45b98bb478d4826536357ea3259d21469abfa50cc7b13ca0757e48b62af11
generated: "2025-01-09T14:45:31.514548745+08:00"
