dependencies:
- name: kubevirt-operator
  repository: file://dependency_charts/kubevirt-operator
  version: 0.2.1
- name: kubevirt
  repository: file://dependency_charts/kubevirt
  version: 0.1.0
- name: harvester-network-controller
  repository: https://charts.harvesterhci.io
  version: 0.4.0
- name: harvester-node-disk-manager
  repository: https://charts.harvesterhci.io
  version: 0.7.0
- name: csi-snapshotter
  repository: file://dependency_charts/csi-snapshotter
  version: 0.2.0
- name: longhorn
  repository: file://dependency_charts/longhorn
  version: 1.7.0-rc3
- name: kube-vip
  repository: https://kube-vip.github.io/helm-charts
  version: 0.6.1
- name: harvester-load-balancer
  repository: https://charts.harvesterhci.io
  version: 0.3.0
- name: whereabouts
  repository: file://dependency_charts/whereabouts
  version: 0.1.1
- name: harvester-node-manager
  repository: https://charts.harvesterhci.io
  version: 0.2.3
- name: snapshot-validation-webhook
  repository: file://dependency_charts/snapshot-validation-webhook
  version: 0.2.0
<<<<<<< HEAD
digest: sha256:322426229b20085cb521054c6e8e1fd17bb093e0c1abc6fa2d543ae4a395f603
generated: "2024-08-01T11:53:16.224174592+08:00"
=======
digest: sha256:5080b90cf86dcfaa58d0e5c22563478faf6d7533f3a459433524f33343500f2f
generated: "2024-08-05T11:27:52.897439+08:00"
>>>>>>> 16b587a1 (bump(chart): LH v1.7.0-rc2 to v1.7.0-rc3)
